
Microsoft Visual Studio Solution File, Format Version 12.00
# Visual Studio Version 16
VisualStudioVersion = 16.0.31205.134
MinimumVisualStudioVersion = 10.0.40219.1
Project("{FAE04EC0-301F-11D3-BF4B-00C04F79EFBC}") = "2105Demo1", "2105Demo1.csproj", "{84B6034C-459D-4264-9F07-C403B17F52F1}"
EndProject
Global
	GlobalSection(SolutionConfigurationPlatforms) = preSolution
		Debug|Any CPU = Debug|Any CPU
		Release|Any CPU = Release|Any CPU
	EndGlobalSection
	GlobalSection(ProjectConfigurationPlatforms) = postSolution
		{84B6034C-459D-4264-9F07-C403B17F52F1}.Debug|Any CPU.ActiveCfg = Debug|Any CPU
		{84B6034C-459D-4264-9F07-C403B17F52F1}.Debug|Any CPU.Build.0 = Debug|Any CPU
		{84B6034C-459D-4264-9F07-C403B17F52F1}.Release|Any CPU.ActiveCfg = Release|Any CPU
		{84B6034C-459D-4264-9F07-C403B17F52F1}.Release|Any CPU.Build.0 = Release|Any CPU
	EndGlobalSection
	GlobalSection(SolutionProperties) = preSolution
		HideSolutionNode = FALSE
	EndGlobalSection
	GlobalSection(ExtensibilityGlobals) = postSolution
		SolutionGuid = {E8793AFE-C646-47C2-8303-64FB711F06CF}
	EndGlobalSection
EndGlobal
